
Microsoft Visual Studio Solution File, Format Version 12.00
# Visual Studio Version 16
VisualStudioVersion = 16.0.30907.101
MinimumVisualStudioVersion = 10.0.40219.1
Project("{FAE04EC0-301F-11D3-BF4B-00C04F79EFBC}") = "SimpleFactoryPattern", "SimpleFactoryPattern\SimpleFactoryPattern.csproj", "{2531C69D-30D6-4788-A4CF-D43A36B58009}"
EndProject
Global
	GlobalSection(SolutionConfigurationPlatforms) = preSolution
		Debug|Any CPU = Debug|Any CPU
		Release|Any CPU = Release|Any CPU
	EndGlobalSection
	GlobalSection(ProjectConfigurationPlatforms) = postSolution
		{2531C69D-30D6-4788-A4CF-D43A36B58009}.Debug|Any CPU.ActiveCfg = Debug|Any CPU
		{2531C69D-30D6-4788-A4CF-D43A36B58009}.Debug|Any CPU.Build.0 = Debug|Any CPU
		{2531C69D-30D6-4788-A4CF-D43A36B58009}.Release|Any CPU.ActiveCfg = Release|Any CPU
		{2531C69D-30D6-4788-A4CF-D43A36B58009}.Release|Any CPU.Build.0 = Release|Any CPU
	EndGlobalSection
	GlobalSection(SolutionProperties) = preSolution
		HideSolutionNode = FALSE
	EndGlobalSection
	GlobalSection(ExtensibilityGlobals) = postSolution
		SolutionGuid = {B9BD494D-6475-4933-9DA9-AD3C76A7ECC4}
	EndGlobalSection
EndGlobal
